
Microsoft Visual Studio Solution File, Format Version 12.00
# Visual Studio Version 16
VisualStudioVersion = 16.0.29215.179
MinimumVisualStudioVersion = 10.0.40219.1
Project("{FAE04EC0-301F-11D3-BF4B-00C04F79EFBC}") = "WeatherAPIProject", "WeatherAPIProject\WeatherAPIProject.csproj", "{5D05DC59-A5B5-4483-8C34-8C9B2A60BF80}"
EndProject
Global
	GlobalSection(SolutionConfigurationPlatforms) = preSolution
		Debug|Any CPU = Debug|Any CPU
		Release|Any CPU = Release|Any CPU
	EndGlobalSection
	GlobalSection(ProjectConfigurationPlatforms) = postSolution
		{5D05DC59-A5B5-4483-8C34-8C9B2A60BF80}.Debug|Any CPU.ActiveCfg = Debug|Any CPU
		{5D05DC59-A5B5-4483-8C34-8C9B2A60BF80}.Debug|Any CPU.Build.0 = Debug|Any CPU
		{5D05DC59-A5B5-4483-8C34-8C9B2A60BF80}.Release|Any CPU.ActiveCfg = Release|Any CPU
		{5D05DC59-A5B5-4483-8C34-8C9B2A60BF80}.Release|Any CPU.Build.0 = Release|Any CPU
	EndGlobalSection
	GlobalSection(SolutionProperties) = preSolution
		HideSolutionNode = FALSE
	EndGlobalSection
	GlobalSection(ExtensibilityGlobals) = postSolution
		SolutionGuid = {4B7A242D-08EA-443C-B5E3-2C2EFE717678}
	EndGlobalSection
EndGlobal
